// !$*UTF8*$!
{
	archiveVersion = 1;
	classes = {
	};
	objectVersion = 48;
	objects = {

/* Begin PBXBuildFile section */
		84C0EB71207DA77100CCD415 /* AppDelegate.m in Sources */ = {isa = PBXBuildFile; fileRef = 84C0EB70207DA77100CCD415 /* AppDelegate.m */; };
		84C0EB74207DA77100CCD415 /* ViewController.m in Sources */ = {isa = PBXBuildFile; fileRef = 84C0EB73207DA77100CCD415 /* ViewController.m */; };
		84C0EB77207DA77100CCD415 /* Main.storyboard in Resources */ = {isa = PBXBuildFile; fileRef = 84C0EB75207DA77100CCD415 /* Main.storyboard */; };
		84C0EB79207DA77100CCD415 /* Assets.xcassets in Resources */ = {isa = PBXBuildFile; fileRef = 84C0EB78207DA77100CCD415 /* Assets.xcassets */; };
		84C0EB7C207DA77100CCD415 /* LaunchScreen.storyboard in Resources */ = {isa = PBXBuildFile; fileRef = 84C0EB7A207DA77100CCD415 /* LaunchScreen.storyboard */; };
		84C0EB7F207DA77100CCD415 /* main.m in Sources */ = {isa = PBXBuildFile; fileRef = 84C0EB7E207DA77100CCD415 /* main.m */; };
		84C0EB89207DA77100CCD415 /* TestTests.m in Sources */ = {isa = PBXBuildFile; fileRef = 84C0EB88207DA77100CCD415 /* TestTests.m */; };
		84C0EB94207DA77200CCD415 /* TestUITests.m in Sources */ = {isa = PBXBuildFile; fileRef = 84C0EB93207DA77200CCD415 /* TestUITests.m */; };
/* End PBXBuildFile section */

/* Begin PBXContainerItemProxy section */
		84C0EB85207DA77100CCD415 /* PBXContainerItemProxy */ = {
			isa = PBXContainerItemProxy;
			containerPortal = 84C0EB64207DA77100CCD415 /* Project object */;
			proxyType = 1;
			remoteGlobalIDString = 84C0EB6B207DA77100CCD415;
			remoteInfo = Test;
		};
		84C0EB90207DA77200CCD415 /* PBXContainerItemProxy */ = {
			isa = PBXContainerItemProxy;
			containerPortal = 84C0EB64207DA77100CCD415 /* Project object */;
			proxyType = 1;
			remoteGlobalIDString = 84C0EB6B207DA77100CCD415;
			remoteInfo = Test;
		};
/* End PBXContainerItemProxy section */

/* Begin PBXFileReference section */
		84C0EB6C207DA77100CCD415 /* Test.app */ = {isa = PBXFileReference; explicitFileType = wrapper.application; includeInIndex = 0; path = Test.app; sourceTree = BUILT_PRODUCTS_DIR; };
		84C0EB6F207DA77100CCD415 /* AppDelegate.h */ = {isa = PBXFileReference; lastKnownFileType = sourcecode.c.h; path = AppDelegate.h; sourceTree = "<group>"; };
		84C0EB70207DA77100CCD415 /* AppDelegate.m */ = {isa = PBXFileReference; lastKnownFileType = sourcecode.c.objc; path = AppDelegate.m; sourceTree = "<group>"; };
		84C0EB72207DA77100CCD415 /* ViewController.h */ = {isa = PBXFileReference; lastKnownFileType = sourcecode.c.h; path = ViewController.h; sourceTree = "<group>"; };
		84C0EB73207DA77100CCD415 /* ViewController.m */ = {isa = PBXFileReference; lastKnownFileType = sourcecode.c.objc; path = ViewController.m; sourceTree = "<group>"; };
		84C0EB76207DA77100CCD415 /* Base */ = {isa = PBXFileReference; lastKnownFileType = file.storyboard; name = Base; path = Base.lproj/Main.storyboard; sourceTree = "<group>"; };
		84C0EB78207DA77100CCD415 /* Assets.xcassets */ = {isa = PBXFileReference; lastKnownFileType = folder.assetcatalog; path = Assets.xcassets; sourceTree = "<group>"; };
		84C0EB7B207DA77100CCD415 /* Base */ = {isa = PBXFileReference; lastKnownFileType = file.storyboard; name = Base; path = Base.lproj/LaunchScreen.storyboard; sourceTree = "<group>"; };
		84C0EB7D207DA77100CCD415 /* Info.plist */ = {isa = PBXFileReference; lastKnownFileType = text.plist.xml; path = Info.plist; sourceTree = "<group>"; };
		84C0EB7E207DA77100CCD415 /* main.m */ = {isa = PBXFileReference; lastKnownFileType = sourcecode.c.objc; path = main.m; sourceTree = "<group>"; };
		84C0EB84207DA77100CCD415 /* TestTests.xctest */ = {isa = PBXFileReference; explicitFileType = wrapper.cfbundle; includeInIndex = 0; path = TestTests.xctest; sourceTree = BUILT_PRODUCTS_DIR; };
		84C0EB88207DA77100CCD415 /* TestTests.m */ = {isa = PBXFileReference; lastKnownFileType = sourcecode.c.objc; path = TestTests.m; sourceTree = "<group>"; };
		84C0EB8A207DA77100CCD415 /* Info.plist */ = {isa = PBXFileReference; lastKnownFileType = text.plist.xml; path = Info.plist; sourceTree = "<group>"; };
		84C0EB8F207DA77200CCD415 /* TestUITests.xctest */ = {isa = PBXFileReference; explicitFileType = wrapper.cfbundle; includeInIndex = 0; path = TestUITests.xctest; sourceTree = BUILT_PRODUCTS_DIR; };
		84C0EB93207DA77200CCD415 /* TestUITests.m */ = {isa = PBXFileReference; lastKnownFileType = sourcecode.c.objc; path = TestUITests.m; sourceTree = "<group>"; };
		84C0EB95207DA77200CCD415 /* Info.plist */ = {isa = PBXFileReference; lastKnownFileType = text.plist.xml; path = Info.plist; sourceTree = "<group>"; };
/* End PBXFileReference section */

/* Begin PBXFrameworksBuildPhase section */
		84C0EB69207DA77100CCD415 /* Frameworks */ = {
			isa = PBXFrameworksBuildPhase;
			buildActionMask = 2147483647;
			files = (
			);
			runOnlyForDeploymentPostprocessing = 0;
		};
		84C0EB81207DA77100CCD415 /* Frameworks */ = {
			isa = PBXFrameworksBuildPhase;
			buildActionMask = 2147483647;
			files = (
			);
			runOnlyForDeploymentPostprocessing = 0;
		};
		84C0EB8C207DA77200CCD415 /* Frameworks */ = {
			isa = PBXFrameworksBuildPhase;
			buildActionMask = 2147483647;
			files = (
			);
			runOnlyForDeploymentPostprocessing = 0;
		};
/* End PBXFrameworksBuildPhase section */

/* Begin PBXGroup section */
		84C0EB63207DA77100CCD415 = {
			isa = PBXGroup;
			children = (
				84C0EB6E207DA77100CCD415 /* Test */,
				84C0EB87207DA77100CCD415 /* TestTests */,
				84C0EB92207DA77200CCD415 /* TestUITests */,
				84C0EB6D207DA77100CCD415 /* Products */,
			);
			sourceTree = "<group>";
		};
		84C0EB6D207DA77100CCD415 /* Products */ = {
			isa = PBXGroup;
			children = (
				84C0EB6C207DA77100CCD415 /* Test.app */,
				84C0EB84207DA77100CCD415 /* TestTests.xctest */,
				84C0EB8F207DA77200CCD415 /* TestUITests.xctest */,
			);
			name = Products;
			sourceTree = "<group>";
		};
		84C0EB6E207DA77100CCD415 /* Test */ = {
			isa = PBXGroup;
			children = (
				84C0EB6F207DA77100CCD415 /* AppDelegate.h */,
				84C0EB70207DA77100CCD415 /* AppDelegate.m */,
				84C0EB72207DA77100CCD415 /* ViewController.h */,
				84C0EB73207DA77100CCD415 /* ViewController.m */,
				84C0EB75207DA77100CCD415 /* Main.storyboard */,
				84C0EB78207DA77100CCD415 /* Assets.xcassets */,
				84C0EB7A207DA77100CCD415 /* LaunchScreen.storyboard */,
				84C0EB7D207DA77100CCD415 /* Info.plist */,
				84C0EB7E207DA77100CCD415 /* main.m */,
			);
			path = Test;
			sourceTree = "<group>";
		};
		84C0EB87207DA77100CCD415 /* TestTests */ = {
			isa = PBXGroup;
			children = (
				84C0EB88207DA77100CCD415 /* TestTests.m */,
				84C0EB8A207DA77100CCD415 /* Info.plist */,
			);
			path = TestTests;
			sourceTree = "<group>";
		};
		84C0EB92207DA77200CCD415 /* TestUITests */ = {
			isa = PBXGroup;
			children = (
				84C0EB93207DA77200CCD415 /* TestUITests.m */,
				84C0EB95207DA77200CCD415 /* Info.plist */,
			);
			path = TestUITests;
			sourceTree = "<group>";
		};
/* End PBXGroup section */

/* Begin PBXNativeTarget section */
		84C0EB6B207DA77100CCD415 /* Test */ = {
			isa = PBXNativeTarget;
			buildConfigurationList = 84C0EB98207DA77200CCD415 /* Build configuration list for PBXNativeTarget "Test" */;
			buildPhases = (
				84C0EB68207DA77100CCD415 /* Sources */,
				84C0EB69207DA77100CCD415 /* Frameworks */,
				84C0EB6A207DA77100CCD415 /* Resources */,
			);
			buildRules = (
			);
			dependencies = (
			);
			name = Test;
			productName = Test;
			productReference = 84C0EB6C207DA77100CCD415 /* Test.app */;
			productType = "com.apple.product-type.application";
		};
		84C0EB83207DA77100CCD415 /* TestTests */ = {
			isa = PBXNativeTarget;
			buildConfigurationList = 84C0EB9B207DA77200CCD415 /* Build configuration list for PBXNativeTarget "TestTests" */;
			buildPhases = (
				84C0EB80207DA77100CCD415 /* Sources */,
				84C0EB81207DA77100CCD415 /* Frameworks */,
				84C0EB82207DA77100CCD415 /* Resources */,
			);
			buildRules = (
			);
			dependencies = (
				84C0EB86207DA77100CCD415 /* PBXTargetDependency */,
			);
			name = TestTests;
			productName = TestTests;
			productReference = 84C0EB84207DA77100CCD415 /* TestTests.xctest */;
			productType = "com.apple.product-type.bundle.unit-test";
		};
		84C0EB8E207DA77200CCD415 /* TestUITests */ = {
			isa = PBXNativeTarget;
			buildConfigurationList = 84C0EB9E207DA77200CCD415 /* Build configuration list for PBXNativeTarget "TestUITests" */;
			buildPhases = (
				84C0EB8B207DA77200CCD415 /* Sources */,
				84C0EB8C207DA77200CCD415 /* Frameworks */,
				84C0EB8D207DA77200CCD415 /* Resources */,
			);
			buildRules = (
			);
			dependencies = (
				84C0EB91207DA77200CCD415 /* PBXTargetDependency */,
			);
			name = TestUITests;
			productName = TestUITests;
			productReference = 84C0EB8F207DA77200CCD415 /* TestUITests.xctest */;
			productType = "com.apple.product-type.bundle.ui-testing";
		};
/* End PBXNativeTarget section */

/* Begin PBXProject section */
		84C0EB64207DA77100CCD415 /* Project object */ = {
			isa = PBXProject;
			attributes = {
				LastUpgradeCheck = 0900;
				ORGANIZATIONNAME = admin;
				TargetAttributes = {
					84C0EB6B207DA77100CCD415 = {
						CreatedOnToolsVersion = 9.0.1;
						ProvisioningStyle = Automatic;
					};
					84C0EB83207DA77100CCD415 = {
						CreatedOnToolsVersion = 9.0.1;
						ProvisioningStyle = Automatic;
						TestTargetID = 84C0EB6B207DA77100CCD415;
					};
					84C0EB8E207DA77200CCD415 = {
						CreatedOnToolsVersion = 9.0.1;
						ProvisioningStyle = Automatic;
						TestTargetID = 84C0EB6B207DA77100CCD415;
					};
				};
			};
			buildConfigurationList = 84C0EB67207DA77100CCD415 /* Build configuration list for PBXProject "Test" */;
			compatibilityVersion = "Xcode 8.0";
			developmentRegion = en;
			hasScannedForEncodings = 0;
			knownRegions = (
				en,
				Base,
			);
			mainGroup = 84C0EB63207DA77100CCD415;
			productRefGroup = 84C0EB6D207DA77100CCD415 /* Products */;
			projectDirPath = "";
			projectRoot = "";
			targets = (
				84C0EB6B207DA77100CCD415 /* Test */,
				84C0EB83207DA77100CCD415 /* TestTests */,
				84C0EB8E207DA77200CCD415 /* TestUITests */,
			);
		};
/* End PBXProject section */

/* Begin PBXResourcesBuildPhase section */
		84C0EB6A207DA77100CCD415 /* Resources */ = {
			isa = PBXResourcesBuildPhase;
			buildActionMask = 2147483647;
			files = (
				84C0EB7C207DA77100CCD415 /* LaunchScreen.storyboard in Resources */,
				84C0EB79207DA77100CCD415 /* Assets.xcassets in Resources */,
				84C0EB77207DA77100CCD415 /* Main.storyboard in Resources */,
			);
			runOnlyForDeploymentPostprocessing = 0;
		};
		84C0EB82207DA77100CCD415 /* Resources */ = {
			isa = PBXResourcesBuildPhase;
			buildActionMask = 2147483647;
			files = (
			);
			runOnlyForDeploymentPostprocessing = 0;
		};
		84C0EB8D207DA77200CCD415 /* Resources */ = {
			isa = PBXResourcesBuildPhase;
			buildActionMask = 2147483647;
			files = (
			);
			runOnlyForDeploymentPostprocessing = 0;
		};
/* End PBXResourcesBuildPhase section */

/* Begin PBXSourcesBuildPhase section */
		84C0EB68207DA77100CCD415 /* Sources */ = {
			isa = PBXSourcesBuildPhase;
			buildActionMask = 2147483647;
			files = (
				84C0EB74207DA77100CCD415 /* ViewController.m in Sources */,
				84C0EB7F207DA77100CCD415 /* main.m in Sources */,
				84C0EB71207DA77100CCD415 /* AppDelegate.m in Sources */,
			);
			runOnlyForDeploymentPostprocessing = 0;
		};
		84C0EB80207DA77100CCD415 /* Sources */ = {
			isa = PBXSourcesBuildPhase;
			buildActionMask = 2147483647;
			files = (
				84C0EB89207DA77100CCD415 /* TestTests.m in Sources */,
			);
			runOnlyForDeploymentPostprocessing = 0;
		};
		84C0EB8B207DA77200CCD415 /* Sources */ = {
			isa = PBXSourcesBuildPhase;
			buildActionMask = 2147483647;
			files = (
				84C0EB94207DA77200CCD415 /* TestUITests.m in Sources */,
			);
			runOnlyForDeploymentPostprocessing = 0;
		};
/* End PBXSourcesBuildPhase section */

/* Begin PBXTargetDependency section */
		84C0EB86207DA77100CCD415 /* PBXTargetDependency */ = {
			isa = PBXTargetDependency;
			target = 84C0EB6B207DA77100CCD415 /* Test */;
			targetProxy = 84C0EB85207DA77100CCD415 /* PBXContainerItemProxy */;
		};
		84C0EB91207DA77200CCD415 /* PBXTargetDependency */ = {
			isa = PBXTargetDependency;
			target = 84C0EB6B207DA77100CCD415 /* Test */;
			targetProxy = 84C0EB90207DA77200CCD415 /* PBXContainerItemProxy */;
		};
/* End PBXTargetDependency section */

/* Begin PBXVariantGroup section */
		84C0EB75207DA77100CCD415 /* Main.storyboard */ = {
			isa = PBXVariantGroup;
			children = (
				84C0EB76207DA77100CCD415 /* Base */,
			);
			name = Main.storyboard;
			sourceTree = "<group>";
		};
		84C0EB7A207DA77100CCD415 /* LaunchScreen.storyboard */ = {
			isa = PBXVariantGroup;
			children = (
				84C0EB7B207DA77100CCD415 /* Base */,
			);
			name = LaunchScreen.storyboard;
			sourceTree = "<group>";
		};
/* End PBXVariantGroup section */

/* Begin XCBuildConfiguration section */
		84C0EB96207DA77200CCD415 /* Debug */ = {
			isa = XCBuildConfiguration;
			buildSettings = {
				ALWAYS_SEARCH_USER_PATHS = NO;
				CLANG_ANALYZER_NONNULL = YES;
				CLANG_ANALYZER_NUMBER_OBJECT_CONVERSION = YES_AGGRESSIVE;
				CLANG_CXX_LANGUAGE_STANDARD = "gnu++14";
				CLANG_CXX_LIBRARY = "libc++";
				CLANG_ENABLE_MODULES = YES;
				CLANG_ENABLE_OBJC_ARC = YES;
				CLANG_WARN_BLOCK_CAPTURE_AUTORELEASING = YES;
				CLANG_WARN_BOOL_CONVERSION = YES;
				CLANG_WARN_COMMA = YES;
				CLANG_WARN_CONSTANT_CONVERSION = YES;
				CLANG_WARN_DIRECT_OBJC_ISA_USAGE = YES_ERROR;
				CLANG_WARN_DOCUMENTATION_COMMENTS = YES;
				CLANG_WARN_EMPTY_BODY = YES;
				CLANG_WARN_ENUM_CONVERSION = YES;
				CLANG_WARN_INFINITE_RECURSION = YES;
				CLANG_WARN_INT_CONVERSION = YES;
				CLANG_WARN_NON_LITERAL_NULL_CONVERSION = YES;
				CLANG_WARN_OBJC_LITERAL_CONVERSION = YES;
				CLANG_WARN_OBJC_ROOT_CLASS = YES_ERROR;
				CLANG_WARN_RANGE_LOOP_ANALYSIS = YES;
				CLANG_WARN_STRICT_PROTOTYPES = YES;
				CLANG_WARN_SUSPICIOUS_MOVE = YES;
				CLANG_WARN_UNGUARDED_AVAILABILITY = YES_AGGRESSIVE;
				CLANG_WARN_UNREACHABLE_CODE = YES;
				CLANG_WARN__DUPLICATE_METHOD_MATCH = YES;
				CODE_SIGN_IDENTITY = "iPhone Developer";
				COPY_PHASE_STRIP = NO;
				DEBUG_INFORMATION_FORMAT = dwarf;
				ENABLE_STRICT_OBJC_MSGSEND = YES;
				ENABLE_TESTABILITY = YES;
				GCC_C_LANGUAGE_STANDARD = gnu11;
				GCC_DYNAMIC_NO_PIC = NO;
				GCC_NO_COMMON_BLOCKS = YES;
				GCC_OPTIMIZATION_LEVEL = 0;
				GCC_PREPROCESSOR_DEFINITIONS = (
					"DEBUG=1",
					"$(inherited)",
				);
				GCC_WARN_64_TO_32_BIT_CONVERSION = YES;
				GCC_WARN_ABOUT_RETURN_TYPE = YES_ERROR;
				GCC_WARN_UNDECLARED_SELECTOR = YES;
				GCC_WARN_UNINITIALIZED_AUTOS = YES_AGGRESSIVE;
				GCC_WARN_UNUSED_FUNCTION = YES;
				GCC_WARN_UNUSED_VARIABLE = YES;
				IPHONEOS_DEPLOYMENT_TARGET = 11.0;
				MTL_ENABLE_DEBUG_INFO = YES;
				ONLY_ACTIVE_ARCH = YES;
				SDKROOT = iphoneos;
			};
			name = Debug;
		};
		84C0EB97207DA77200CCD415 /* Release */ = {
			isa = XCBuildConfiguration;
			buildSettings = {
				ALWAYS_SEARCH_USER_PATHS = NO;
				CLANG_ANALYZER_NONNULL = YES;
				CLANG_ANALYZER_NUMBER_OBJECT_CONVERSION = YES_AGGRESSIVE;
				CLANG_CXX_LANGUAGE_STANDARD = "gnu++14";
				CLANG_CXX_LIBRARY = "libc++";
				CLANG_ENABLE_MODULES = YES;
				CLANG_ENABLE_OBJC_ARC = YES;
				CLANG_WARN_BLOCK_CAPTURE_AUTORELEASING = YES;
				CLANG_WARN_BOOL_CONVERSION = YES;
				CLANG_WARN_COMMA = YES;
				CLANG_WARN_CONSTANT_CONVERSION = YES;
				CLANG_WARN_DIRECT_OBJC_ISA_USAGE = YES_ERROR;
				CLANG_WARN_DOCUMENTATION_COMMENTS = YES;
				CLANG_WARN_EMPTY_BODY = YES;
				CLANG_WARN_ENUM_CONVERSION = YES;
				CLANG_WARN_INFINITE_RECURSION = YES;
				CLANG_WARN_INT_CONVERSION = YES;
				CLANG_WARN_NON_LITERAL_NULL_CONVERSION = YES;
				CLANG_WARN_OBJC_LITERAL_CONVERSION = YES;
				CLANG_WARN_OBJC_ROOT_CLASS = YES_ERROR;
				CLANG_WARN_RANGE_LOOP_ANALYSIS = YES;
				CLANG_WARN_STRICT_PROTOTYPES = YES;
				CLANG_WARN_SUSPICIOUS_MOVE = YES;
				CLANG_WARN_UNGUARDED_AVAILABILITY = YES_AGGRESSIVE;
				CLANG_WARN_UNREACHABLE_CODE = YES;
				CLANG_WARN__DUPLICATE_METHOD_MATCH = YES;
				CODE_SIGN_IDENTITY = "iPhone Developer";
				COPY_PHASE_STRIP = NO;
				DEBUG_INFORMATION_FORMAT = "dwarf-with-dsym";
				ENABLE_NS_ASSERTIONS = NO;
				ENABLE_STRICT_OBJC_MSGSEND = YES;
				GCC_C_LANGUAGE_STANDARD = gnu11;
				GCC_NO_COMMON_BLOCKS = YES;
				GCC_WARN_64_TO_32_BIT_CONVERSION = YES;
				GCC_WARN_ABOUT_RETURN_TYPE = YES_ERROR;
				GCC_WARN_UNDECLARED_SELECTOR = YES;
				GCC_WARN_UNINITIALIZED_AUTOS = YES_AGGRESSIVE;
				GCC_WARN_UNUSED_FUNCTION = YES;
				GCC_WARN_UNUSED_VARIABLE = YES;
				IPHONEOS_DEPLOYMENT_TARGET = 11.0;
				MTL_ENABLE_DEBUG_INFO = NO;
				SDKROOT = iphoneos;
				VALIDATE_PRODUCT = YES;
			};
			name = Release;
		};
		84C0EB99207DA77200CCD415 /* Debug */ = {
			isa = XCBuildConfiguration;
			buildSettings = {
				ASSETCATALOG_COMPILER_APPICON_NAME = AppIcon;
				CODE_SIGN_STYLE = Automatic;
				INFOPLIST_FILE = Test/Info.plist;
				LD_RUNPATH_SEARCH_PATHS = "$(inherited) @executable_path/Frameworks";
				PRODUCT_BUNDLE_IDENTIFIER = com.yingkeB2B.Test;
				PRODUCT_NAME = "$(TARGET_NAME)";
				TARGETED_DEVICE_FAMILY = "1,2";
			};
			name = Debug;
		};
		84C0EB9A207DA77200CCD415 /* Release */ = {
			isa = XCBuildConfiguration;
			buildSettings = {
				ASSETCATALOG_COMPILER_APPICON_NAME = AppIcon;
				CODE_SIGN_STYLE = Automatic;
				INFOPLIST_FILE = Test/Info.plist;
				LD_RUNPATH_SEARCH_PATHS = "$(inherited) @executable_path/Frameworks";
				PRODUCT_BUNDLE_IDENTIFIER = com.yingkeB2B.Test;
				PRODUCT_NAME = "$(TARGET_NAME)";
				TARGETED_DEVICE_FAMILY = "1,2";
			};
			name = Release;
		};
		84C0EB9C207DA77200CCD415 /* Debug */ = {
			isa = XCBuildConfiguration;
			buildSettings = {
				BUNDLE_LOADER = "$(TEST_HOST)";
				CODE_SIGN_STYLE = Automatic;
				INFOPLIST_FILE = TestTests/Info.plist;
				LD_RUNPATH_SEARCH_PATHS = "$(inherited) @executable_path/Frameworks @loader_path/Frameworks";
				PRODUCT_BUNDLE_IDENTIFIER = com.yingkeB2B.TestTests;
				PRODUCT_NAME = "$(TARGET_NAME)";
				TARGETED_DEVICE_FAMILY = "1,2";
				TEST_HOST = "$(BUILT_PRODUCTS_DIR)/Test.app/Test";
			};
			name = Debug;
		};
		84C0EB9D207DA77200CCD415 /* Release */ = {
			isa = XCBuildConfiguration;
			buildSettings = {
				BUNDLE_LOADER = "$(TEST_HOST)";
				CODE_SIGN_STYLE = Automatic;
				INFOPLIST_FILE = TestTests/Info.plist;
				LD_RUNPATH_SEARCH_PATHS = "$(inherited) @executable_path/Frameworks @loader_path/Frameworks";
				PRODUCT_BUNDLE_IDENTIFIER = com.yingkeB2B.TestTests;
				PRODUCT_NAME = "$(TARGET_NAME)";
				TARGETED_DEVICE_FAMILY = "1,2";
				TEST_HOST = "$(BUILT_PRODUCTS_DIR)/Test.app/Test";
			};
			name = Release;
		};
		84C0EB9F207DA77200CCD415 /* Debug */ = {
			isa = XCBuildConfiguration;
			buildSettings = {
				CODE_SIGN_STYLE = Automatic;
				INFOPLIST_FILE = TestUITests/Info.plist;
				LD_RUNPATH_SEARCH_PATHS = "$(inherited) @executable_path/Frameworks @loader_path/Frameworks";
				PRODUCT_BUNDLE_IDENTIFIER = com.yingkeB2B.TestUITests;
				PRODUCT_NAME = "$(TARGET_NAME)";
				TARGETED_DEVICE_FAMILY = "1,2";
				TEST_TARGET_NAME = Test;
			};
			name = Debug;
		};
		84C0EBA0207DA77200CCD415 /* Release */ = {
			isa = XCBuildConfiguration;
			buildSettings = {
				CODE_SIGN_STYLE = Automatic;
				INFOPLIST_FILE = TestUITests/Info.plist;
				LD_RUNPATH_SEARCH_PATHS = "$(inherited) @executable_path/Frameworks @loader_path/Frameworks";
				PRODUCT_BUNDLE_IDENTIFIER = com.yingkeB2B.TestUITests;
				PRODUCT_NAME = "$(TARGET_NAME)";
				TARGETED_DEVICE_FAMILY = "1,2";
				TEST_TARGET_NAME = Test;
			};
			name = Release;
		};
/* End XCBuildConfiguration section */

/* Begin XCConfigurationList section */
		84C0EB67207DA77100CCD415 /* Build configuration list for PBXProject "Test" */ = {
			isa = XCConfigurationList;
			buildConfigurations = (
				84C0EB96207DA77200CCD415 /* Debug */,
				84C0EB97207DA77200CCD415 /* Release */,
			);
			defaultConfigurationIsVisible = 0;
			defaultConfigurationName = Release;
		};
		84C0EB98207DA77200CCD415 /* Build configuration list for PBXNativeTarget "Test" */ = {
			isa = XCConfigurationList;
			buildConfigurations = (
				84C0EB99207DA77200CCD415 /* Debug */,
				84C0EB9A207DA77200CCD415 /* Release */,
			);
			defaultConfigurationIsVisible = 0;
			defaultConfigurationName = Release;
		};
		84C0EB9B207DA77200CCD415 /* Build configuration list for PBXNativeTarget "TestTests" */ = {
			isa = XCConfigurationList;
			buildConfigurations = (
				84C0EB9C207DA77200CCD415 /* Debug */,
				84C0EB9D207DA77200CCD415 /* Release */,
			);
			defaultConfigurationIsVisible = 0;
			defaultConfigurationName = Release;
		};
		84C0EB9E207DA77200CCD415 /* Build configuration list for PBXNativeTarget "TestUITests" */ = {
			isa = XCConfigurationList;
			buildConfigurations = (
				84C0EB9F207DA77200CCD415 /* Debug */,
				84C0EBA0207DA77200CCD415 /* Release */,
			);
			defaultConfigurationIsVisible = 0;
			defaultConfigurationName = Release;
		};
/* End XCConfigurationList section */
	};
	rootObject = 84C0EB64207DA77100CCD415 /* Project object */;
}
